
Microsoft Visual Studio Solution File, Format Version 12.00
# Visual Studio Version 17
VisualStudioVersion = 17.4.33213.308
MinimumVisualStudioVersion = 10.0.40219.1
Project("{FAE04EC0-301F-11D3-BF4B-00C04F79EFBC}") = "PortalHeindall", "PortalHeindall\PortalHeindall.csproj", "{C7570FA6-6639-4806-81B9-46D11EA3724B}"
EndProject
Global
	GlobalSection(SolutionConfigurationPlatforms) = preSolution
		Debug|Any CPU = Debug|Any CPU
		Release|Any CPU = Release|Any CPU
	EndGlobalSection
	GlobalSection(ProjectConfigurationPlatforms) = postSolution
		{C7570FA6-6639-4806-81B9-46D11EA3724B}.Debug|Any CPU.ActiveCfg = Debug|Any CPU
		{C7570FA6-6639-4806-81B9-46D11EA3724B}.Debug|Any CPU.Build.0 = Debug|Any CPU
		{C7570FA6-6639-4806-81B9-46D11EA3724B}.Release|Any CPU.ActiveCfg = Release|Any CPU
		{C7570FA6-6639-4806-81B9-46D11EA3724B}.Release|Any CPU.Build.0 = Release|Any CPU
	EndGlobalSection
	GlobalSection(SolutionProperties) = preSolution
		HideSolutionNode = FALSE
	EndGlobalSection
	GlobalSection(ExtensibilityGlobals) = postSolution
		SolutionGuid = {674DF852-6F52-46AE-8834-B9A692469487}
	EndGlobalSection
EndGlobal
